
Microsoft Visual Studio Solution File, Format Version 12.00
# Visual Studio Version 17
VisualStudioVersion = 17.11.35222.181
MinimumVisualStudioVersion = 10.0.40219.1
Project("{FAE04EC0-301F-11D3-BF4B-00C04F79EFBC}") = "SCPharmacy", "SCPharmacy.csproj", "{AB7F76E8-F765-40A7-86AD-F45C6BA419B4}"
EndProject
Global
	GlobalSection(SolutionConfigurationPlatforms) = preSolution
		Debug|Any CPU = Debug|Any CPU
		Release|Any CPU = Release|Any CPU
	EndGlobalSection
	GlobalSection(ProjectConfigurationPlatforms) = postSolution
		{AB7F76E8-F765-40A7-86AD-F45C6BA419B4}.Debug|Any CPU.ActiveCfg = Debug|Any CPU
		{AB7F76E8-F765-40A7-86AD-F45C6BA419B4}.Debug|Any CPU.Build.0 = Debug|Any CPU
		{AB7F76E8-F765-40A7-86AD-F45C6BA419B4}.Release|Any CPU.ActiveCfg = Release|Any CPU
		{AB7F76E8-F765-40A7-86AD-F45C6BA419B4}.Release|Any CPU.Build.0 = Release|Any CPU
	EndGlobalSection
	GlobalSection(SolutionProperties) = preSolution
		HideSolutionNode = FALSE
	EndGlobalSection
	GlobalSection(ExtensibilityGlobals) = postSolution
		SolutionGuid = {48B521B0-9790-421E-9124-7545384BD2A7}
	EndGlobalSection
EndGlobal
